<?xml version="1.0" encoding="UTF-8"?>
<Scheme
   LastUpgradeVersion = "1520"
   version = "1.7">
   <BuildAction
      parallelizeBuildables = "YES"
      buildImplicitDependencies = "YES">
      <BuildActionEntries>
         <BuildActionEntry
            buildForTesting = "YES"
            buildForRunning = "YES"
            buildForProfiling = "YES"
            buildForArchiving = "YES"
            buildForAnalyzing = "YES">
            <BuildableReference
               BuildableIdentifier = "primary"
               BlueprintIdentifier = "528ADA922BE3FFF1002CBE38"
               BuildableName = "SwiftUI-Cinema.app"
               BlueprintName = "SwiftUI-Cinema"
               ReferencedContainer = "container:SwiftUI-Cinema.xcodeproj">
            </BuildableReference>
         </BuildActionEntry>
      </BuildActionEntries>
   </BuildAction>
   <TestAction
      buildConfiguration = "Debug"
      selectedDebuggerIdentifier = "Xcode.DebuggerFoundation.Debugger.LLDB"
      selectedLauncherIdentifier = "Xcode.DebuggerFoundation.Launcher.LLDB"
      shouldUseLaunchSchemeArgsEnv = "YES"
      shouldAutocreateTestPlan = "YES">
      <Testables>
         <TestableReference
            skipped = "NO"
            parallelizable = "YES">
            <BuildableReference
               BuildableIdentifier = "primary"
               BlueprintIdentifier = "528ADAA22BE3FFF7002CBE38"
               BuildableName = "SwiftUI-CinemaTests.xctest"
               BlueprintName = "SwiftUI-CinemaTests"
               ReferencedContainer = "container:SwiftUI-Cinema.xcodeproj">
            </BuildableReference>
         </TestableReference>
         <TestableReference
            skipped = "NO"
            parallelizable = "YES">
            <BuildableReference
               BuildableIdentifier = "primary"
               BlueprintIdentifier = "528ADAAC2BE3FFF7002CBE38"
               BuildableName = "SwiftUI-CinemaUITests.xctest"
               BlueprintName = "SwiftUI-CinemaUITests"
               ReferencedContainer = "container:SwiftUI-Cinema.xcodeproj">
            </BuildableReference>
         </TestableReference>
      </Testables>
   </TestAction>
   <LaunchAction
      buildConfiguration = "Debug"
      selectedDebuggerIdentifier = "Xcode.DebuggerFoundation.Debugger.LLDB"
      selectedLauncherIdentifier = "Xcode.DebuggerFoundation.Launcher.LLDB"
      launchStyle = "0"
      useCustomWorkingDirectory = "NO"
      ignoresPersistentStateOnLaunch = "NO"
      debugDocumentVersioning = "YES"
      debugServiceExtension = "internal"
      allowLocationSimulation = "YES">
      <BuildableProductRunnable
         runnableDebuggingMode = "0">
         <BuildableReference
            BuildableIdentifier = "primary"
            BlueprintIdentifier = "528ADA922BE3FFF1002CBE38"
            BuildableName = "SwiftUI-Cinema.app"
            BlueprintName = "SwiftUI-Cinema"
            ReferencedContainer = "container:SwiftUI-Cinema.xcodeproj">
         </BuildableReference>
      </BuildableProductRunnable>
      <EnvironmentVariables>
         <EnvironmentVariable
            key = "authorization"
            value = "Bearer eyJhbGciOiJIUzI1NiJ9.eyJhdWQiOiJlYmQ0NTQzNWI3ZTU1NWQwZTY4Yzk1N2MyZWUxYjMxYyIsInN1YiI6IjY2MzRmYzIzYWY0MzI0MDEyODU0YTMxNCIsInNjb3BlcyI6WyJhcGlfcmVhZCJdLCJ2ZXJzaW9uIjoxfQ.N7sK1idO1MRJXwc9EqWvCsvKE4eMyfstQNVYIQhoO8Q"
            isEnabled = "YES">
         </EnvironmentVariable>
         <EnvironmentVariable
            key = "baseUrl"
            value = "https://api.themoviedb.org/3/movie"
            isEnabled = "YES">
         </EnvironmentVariable>
         <EnvironmentVariable
            key = "accept"
            value = "application/json"
            isEnabled = "YES">
         </EnvironmentVariable>
         <EnvironmentVariable
            key = "apikey"
            value = "419b41ae"
            isEnabled = "YES">
         </EnvironmentVariable>
         <EnvironmentVariable
            key = "baseImageUrl"
            value = "https://image.tmdb.org/t/p/w500"
            isEnabled = "YES">
         </EnvironmentVariable>
         <EnvironmentVariable
            key = "getByBaseUrl"
            value = "https://www.omdbapi.com"
            isEnabled = "YES">
         </EnvironmentVariable>
         <EnvironmentVariable
            key = "movieWithoutInfo"
            value = "Un p&#xe8;re id&#xe9;al"
            isEnabled = "YES">
         </EnvironmentVariable>
      </EnvironmentVariables>
   </LaunchAction>
   <ProfileAction
      buildConfiguration = "Release"
      shouldUseLaunchSchemeArgsEnv = "YES"
      savedToolIdentifier = ""
      useCustomWorkingDirectory = "NO"
      debugDocumentVersioning = "YES">
      <BuildableProductRunnable
         runnableDebuggingMode = "0">
         <BuildableReference
            BuildableIdentifier = "primary"
            BlueprintIdentifier = "528ADA922BE3FFF1002CBE38"
            BuildableName = "SwiftUI-Cinema.app"
            BlueprintName = "SwiftUI-Cinema"
            ReferencedContainer = "container:SwiftUI-Cinema.xcodeproj">
         </BuildableReference>
      </BuildableProductRunnable>
   </ProfileAction>
   <AnalyzeAction
      buildConfiguration = "Debug">
   </AnalyzeAction>
   <ArchiveAction
      buildConfiguration = "Release"
      revealArchiveInOrganizer = "YES">
   </ArchiveAction>
</Scheme>
