// !$*UTF8*$!
{
	archiveVersion = 1;
	classes = {
	};
	objectVersion = 56;
	objects = {

/* Begin PBXBuildFile section */
		5214E5752BF24AEC0042E433 /* SelectedMovieData.swift in Sources */ = {isa = PBXBuildFile; fileRef = 5214E5742BF24AEC0042E433 /* SelectedMovieData.swift */; };
		5214E5782BF28F3F0042E433 /* MovieDetailView.swift in Sources */ = {isa = PBXBuildFile; fileRef = 5214E5772BF28F3F0042E433 /* MovieDetailView.swift */; };
		523112D42BF648E00060D6E3 /* MovieInfoRowView.swift in Sources */ = {isa = PBXBuildFile; fileRef = 523112D32BF648E00060D6E3 /* MovieInfoRowView.swift */; };
		523112D62BF6834B0060D6E3 /* NoMovieFoundView.swift in Sources */ = {isa = PBXBuildFile; fileRef = 523112D52BF6834B0060D6E3 /* NoMovieFoundView.swift */; };
		523112D92BF688EC0060D6E3 /* SplashScreenView.swift in Sources */ = {isa = PBXBuildFile; fileRef = 523112D82BF688EC0060D6E3 /* SplashScreenView.swift */; };
		523112DB2BF68A280060D6E3 /* MainViewModel.swift in Sources */ = {isa = PBXBuildFile; fileRef = 523112DA2BF68A280060D6E3 /* MainViewModel.swift */; };
		523112DD2BF68A680060D6E3 /* MainViewState.swift in Sources */ = {isa = PBXBuildFile; fileRef = 523112DC2BF68A680060D6E3 /* MainViewState.swift */; };
		524B00932BF29AE800FFCC99 /* SelectedMovie.swift in Sources */ = {isa = PBXBuildFile; fileRef = 524B00922BF29AE800FFCC99 /* SelectedMovie.swift */; };
		524B00952BF2B35E00FFCC99 /* MovieDetail.swift in Sources */ = {isa = PBXBuildFile; fileRef = 524B00942BF2B35E00FFCC99 /* MovieDetail.swift */; };
		524B00972BF2CAEE00FFCC99 /* MovileDetailViewModel.swift in Sources */ = {isa = PBXBuildFile; fileRef = 524B00962BF2CAEE00FFCC99 /* MovileDetailViewModel.swift */; };
		525034662BF7A37200654DA6 /* NavigationMode.swift in Sources */ = {isa = PBXBuildFile; fileRef = 525034652BF7A37200654DA6 /* NavigationMode.swift */; };
		525034682BF7A3A600654DA6 /* NavigationManager.swift in Sources */ = {isa = PBXBuildFile; fileRef = 525034672BF7A3A600654DA6 /* NavigationManager.swift */; };
		5250346A2BF7EAD800654DA6 /* MoviesCacheStore.swift in Sources */ = {isa = PBXBuildFile; fileRef = 525034692BF7EAD800654DA6 /* MoviesCacheStore.swift */; };
		528ADA972BE3FFF1002CBE38 /* SwiftUI_CinemaApp.swift in Sources */ = {isa = PBXBuildFile; fileRef = 528ADA962BE3FFF1002CBE38 /* SwiftUI_CinemaApp.swift */; };
		528ADA9B2BE3FFF6002CBE38 /* Assets.xcassets in Resources */ = {isa = PBXBuildFile; fileRef = 528ADA9A2BE3FFF6002CBE38 /* Assets.xcassets */; };
		528ADA9E2BE3FFF6002CBE38 /* Preview Assets.xcassets in Resources */ = {isa = PBXBuildFile; fileRef = 528ADA9D2BE3FFF6002CBE38 /* Preview Assets.xcassets */; };
		528ADAA82BE3FFF7002CBE38 /* SwiftUI_CinemaTests.swift in Sources */ = {isa = PBXBuildFile; fileRef = 528ADAA72BE3FFF7002CBE38 /* SwiftUI_CinemaTests.swift */; };
		528ADAB22BE3FFF7002CBE38 /* SwiftUI_CinemaUITests.swift in Sources */ = {isa = PBXBuildFile; fileRef = 528ADAB12BE3FFF7002CBE38 /* SwiftUI_CinemaUITests.swift */; };
		528ADAB42BE3FFF7002CBE38 /* SwiftUI_CinemaUITestsLaunchTests.swift in Sources */ = {isa = PBXBuildFile; fileRef = 528ADAB32BE3FFF7002CBE38 /* SwiftUI_CinemaUITestsLaunchTests.swift */; };
		528ADACB2BE51C55002CBE38 /* MainView.swift in Sources */ = {isa = PBXBuildFile; fileRef = 528ADACA2BE51C54002CBE38 /* MainView.swift */; };
		528ADAD02BE91016002CBE38 /* FetchMoviesResponse.swift in Sources */ = {isa = PBXBuildFile; fileRef = 528ADACF2BE91016002CBE38 /* FetchMoviesResponse.swift */; };
		528ADAD22BE910E2002CBE38 /* DateMargin.swift in Sources */ = {isa = PBXBuildFile; fileRef = 528ADAD12BE910E2002CBE38 /* DateMargin.swift */; };
		528ADAD42BE91130002CBE38 /* MovieResult.swift in Sources */ = {isa = PBXBuildFile; fileRef = 528ADAD32BE91130002CBE38 /* MovieResult.swift */; };
		528ADAD72BE9129A002CBE38 /* AllMoviesView.swift in Sources */ = {isa = PBXBuildFile; fileRef = 528ADAD62BE9129A002CBE38 /* AllMoviesView.swift */; };
		528ADAD92BE91300002CBE38 /* AllMoviesViewModel.swift in Sources */ = {isa = PBXBuildFile; fileRef = 528ADAD82BE91300002CBE38 /* AllMoviesViewModel.swift */; };
		528ADADC2BE91360002CBE38 /* AllMoviesRepository.swift in Sources */ = {isa = PBXBuildFile; fileRef = 528ADADB2BE91360002CBE38 /* AllMoviesRepository.swift */; };
		528ADADE2BE91DAD002CBE38 /* MoviesFetchUseCase.swift in Sources */ = {isa = PBXBuildFile; fileRef = 528ADADD2BE91DAD002CBE38 /* MoviesFetchUseCase.swift */; };
		528ADAE02BE91E7E002CBE38 /* MoviesApi.swift in Sources */ = {isa = PBXBuildFile; fileRef = 528ADADF2BE91E7E002CBE38 /* MoviesApi.swift */; };
		528ADAE22BE96DF3002CBE38 /* MovieStateResponseError.swift in Sources */ = {isa = PBXBuildFile; fileRef = 528ADAE12BE96DF3002CBE38 /* MovieStateResponseError.swift */; };
		528ADAE42BEAA8E1002CBE38 /* AllMoviesState.swift in Sources */ = {isa = PBXBuildFile; fileRef = 528ADAE32BEAA8E1002CBE38 /* AllMoviesState.swift */; };
		528ADAE62BEAAE10002CBE38 /* MovieCell.swift in Sources */ = {isa = PBXBuildFile; fileRef = 528ADAE52BEAAE10002CBE38 /* MovieCell.swift */; };
		528ADAE92BEAAE95002CBE38 /* SpinnerView.swift in Sources */ = {isa = PBXBuildFile; fileRef = 528ADAE82BEAAE95002CBE38 /* SpinnerView.swift */; };
		528ADAEB2BEAAEEC002CBE38 /* Constants.swift in Sources */ = {isa = PBXBuildFile; fileRef = 528ADAEA2BEAAEEC002CBE38 /* Constants.swift */; };
		5290C9BB2BEBBD5B00A1C8D8 /* Colors.xcassets in Resources */ = {isa = PBXBuildFile; fileRef = 5290C9BA2BEBBD5B00A1C8D8 /* Colors.xcassets */; };
		52BA0AD12BF4FB9A0023F332 /* MovieDetailState.swift in Sources */ = {isa = PBXBuildFile; fileRef = 52BA0AD02BF4FB9A0023F332 /* MovieDetailState.swift */; };
		52E3750F2BF29289007CAE3B /* Movie.swift in Sources */ = {isa = PBXBuildFile; fileRef = 52E3750E2BF29289007CAE3B /* Movie.swift */; };
		52E375122BF292BE007CAE3B /* Rating.swift in Sources */ = {isa = PBXBuildFile; fileRef = 52E375112BF292BE007CAE3B /* Rating.swift */; };
/* End PBXBuildFile section */

/* Begin PBXContainerItemProxy section */
		528ADAA42BE3FFF7002CBE38 /* PBXContainerItemProxy */ = {
			isa = PBXContainerItemProxy;
			containerPortal = 528ADA8B2BE3FFF1002CBE38 /* Project object */;
			proxyType = 1;
			remoteGlobalIDString = 528ADA922BE3FFF1002CBE38;
			remoteInfo = "SwiftUI-Cinema";
		};
		528ADAAE2BE3FFF7002CBE38 /* PBXContainerItemProxy */ = {
			isa = PBXContainerItemProxy;
			containerPortal = 528ADA8B2BE3FFF1002CBE38 /* Project object */;
			proxyType = 1;
			remoteGlobalIDString = 528ADA922BE3FFF1002CBE38;
			remoteInfo = "SwiftUI-Cinema";
		};
/* End PBXContainerItemProxy section */

/* Begin PBXFileReference section */
		5214E5742BF24AEC0042E433 /* SelectedMovieData.swift */ = {isa = PBXFileReference; lastKnownFileType = sourcecode.swift; path = SelectedMovieData.swift; sourceTree = "<group>"; };
		5214E5772BF28F3F0042E433 /* MovieDetailView.swift */ = {isa = PBXFileReference; lastKnownFileType = sourcecode.swift; path = MovieDetailView.swift; sourceTree = "<group>"; };
		523112D32BF648E00060D6E3 /* MovieInfoRowView.swift */ = {isa = PBXFileReference; lastKnownFileType = sourcecode.swift; path = MovieInfoRowView.swift; sourceTree = "<group>"; };
		523112D52BF6834B0060D6E3 /* NoMovieFoundView.swift */ = {isa = PBXFileReference; lastKnownFileType = sourcecode.swift; path = NoMovieFoundView.swift; sourceTree = "<group>"; };
		523112D82BF688EC0060D6E3 /* SplashScreenView.swift */ = {isa = PBXFileReference; lastKnownFileType = sourcecode.swift; path = SplashScreenView.swift; sourceTree = "<group>"; };
		523112DA2BF68A280060D6E3 /* MainViewModel.swift */ = {isa = PBXFileReference; lastKnownFileType = sourcecode.swift; path = MainViewModel.swift; sourceTree = "<group>"; };
		523112DC2BF68A680060D6E3 /* MainViewState.swift */ = {isa = PBXFileReference; lastKnownFileType = sourcecode.swift; path = MainViewState.swift; sourceTree = "<group>"; };
		524B00922BF29AE800FFCC99 /* SelectedMovie.swift */ = {isa = PBXFileReference; lastKnownFileType = sourcecode.swift; path = SelectedMovie.swift; sourceTree = "<group>"; };
		524B00942BF2B35E00FFCC99 /* MovieDetail.swift */ = {isa = PBXFileReference; lastKnownFileType = sourcecode.swift; path = MovieDetail.swift; sourceTree = "<group>"; };
		524B00962BF2CAEE00FFCC99 /* MovileDetailViewModel.swift */ = {isa = PBXFileReference; lastKnownFileType = sourcecode.swift; path = MovileDetailViewModel.swift; sourceTree = "<group>"; };
		525034652BF7A37200654DA6 /* NavigationMode.swift */ = {isa = PBXFileReference; lastKnownFileType = sourcecode.swift; path = NavigationMode.swift; sourceTree = "<group>"; };
		525034672BF7A3A600654DA6 /* NavigationManager.swift */ = {isa = PBXFileReference; lastKnownFileType = sourcecode.swift; path = NavigationManager.swift; sourceTree = "<group>"; };
		525034692BF7EAD800654DA6 /* MoviesCacheStore.swift */ = {isa = PBXFileReference; lastKnownFileType = sourcecode.swift; path = MoviesCacheStore.swift; sourceTree = "<group>"; };
		528ADA932BE3FFF1002CBE38 /* SwiftUI-Cinema.app */ = {isa = PBXFileReference; explicitFileType = wrapper.application; includeInIndex = 0; path = "SwiftUI-Cinema.app"; sourceTree = BUILT_PRODUCTS_DIR; };
		528ADA962BE3FFF1002CBE38 /* SwiftUI_CinemaApp.swift */ = {isa = PBXFileReference; lastKnownFileType = sourcecode.swift; path = SwiftUI_CinemaApp.swift; sourceTree = "<group>"; };
		528ADA9A2BE3FFF6002CBE38 /* Assets.xcassets */ = {isa = PBXFileReference; lastKnownFileType = folder.assetcatalog; path = Assets.xcassets; sourceTree = "<group>"; };
		528ADA9D2BE3FFF6002CBE38 /* Preview Assets.xcassets */ = {isa = PBXFileReference; lastKnownFileType = folder.assetcatalog; path = "Preview Assets.xcassets"; sourceTree = "<group>"; };
		528ADAA32BE3FFF7002CBE38 /* SwiftUI-CinemaTests.xctest */ = {isa = PBXFileReference; explicitFileType = wrapper.cfbundle; includeInIndex = 0; path = "SwiftUI-CinemaTests.xctest"; sourceTree = BUILT_PRODUCTS_DIR; };
		528ADAA72BE3FFF7002CBE38 /* SwiftUI_CinemaTests.swift */ = {isa = PBXFileReference; lastKnownFileType = sourcecode.swift; path = SwiftUI_CinemaTests.swift; sourceTree = "<group>"; };
		528ADAAD2BE3FFF7002CBE38 /* SwiftUI-CinemaUITests.xctest */ = {isa = PBXFileReference; explicitFileType = wrapper.cfbundle; includeInIndex = 0; path = "SwiftUI-CinemaUITests.xctest"; sourceTree = BUILT_PRODUCTS_DIR; };
		528ADAB12BE3FFF7002CBE38 /* SwiftUI_CinemaUITests.swift */ = {isa = PBXFileReference; lastKnownFileType = sourcecode.swift; path = SwiftUI_CinemaUITests.swift; sourceTree = "<group>"; };
		528ADAB32BE3FFF7002CBE38 /* SwiftUI_CinemaUITestsLaunchTests.swift */ = {isa = PBXFileReference; lastKnownFileType = sourcecode.swift; path = SwiftUI_CinemaUITestsLaunchTests.swift; sourceTree = "<group>"; };
		528ADACA2BE51C54002CBE38 /* MainView.swift */ = {isa = PBXFileReference; lastKnownFileType = sourcecode.swift; path = MainView.swift; sourceTree = "<group>"; };
		528ADACF2BE91016002CBE38 /* FetchMoviesResponse.swift */ = {isa = PBXFileReference; lastKnownFileType = sourcecode.swift; path = FetchMoviesResponse.swift; sourceTree = "<group>"; };
		528ADAD12BE910E2002CBE38 /* DateMargin.swift */ = {isa = PBXFileReference; lastKnownFileType = sourcecode.swift; path = DateMargin.swift; sourceTree = "<group>"; };
		528ADAD32BE91130002CBE38 /* MovieResult.swift */ = {isa = PBXFileReference; lastKnownFileType = sourcecode.swift; path = MovieResult.swift; sourceTree = "<group>"; };
		528ADAD62BE9129A002CBE38 /* AllMoviesView.swift */ = {isa = PBXFileReference; lastKnownFileType = sourcecode.swift; path = AllMoviesView.swift; sourceTree = "<group>"; };
		528ADAD82BE91300002CBE38 /* AllMoviesViewModel.swift */ = {isa = PBXFileReference; lastKnownFileType = sourcecode.swift; path = AllMoviesViewModel.swift; sourceTree = "<group>"; };
		528ADADB2BE91360002CBE38 /* AllMoviesRepository.swift */ = {isa = PBXFileReference; lastKnownFileType = sourcecode.swift; path = AllMoviesRepository.swift; sourceTree = "<group>"; };
		528ADADD2BE91DAD002CBE38 /* MoviesFetchUseCase.swift */ = {isa = PBXFileReference; lastKnownFileType = sourcecode.swift; path = MoviesFetchUseCase.swift; sourceTree = "<group>"; };
		528ADADF2BE91E7E002CBE38 /* MoviesApi.swift */ = {isa = PBXFileReference; lastKnownFileType = sourcecode.swift; path = MoviesApi.swift; sourceTree = "<group>"; };
		528ADAE12BE96DF3002CBE38 /* MovieStateResponseError.swift */ = {isa = PBXFileReference; lastKnownFileType = sourcecode.swift; path = MovieStateResponseError.swift; sourceTree = "<group>"; };
		528ADAE32BEAA8E1002CBE38 /* AllMoviesState.swift */ = {isa = PBXFileReference; lastKnownFileType = sourcecode.swift; path = AllMoviesState.swift; sourceTree = "<group>"; };
		528ADAE52BEAAE10002CBE38 /* MovieCell.swift */ = {isa = PBXFileReference; lastKnownFileType = sourcecode.swift; path = MovieCell.swift; sourceTree = "<group>"; };
		528ADAE82BEAAE95002CBE38 /* SpinnerView.swift */ = {isa = PBXFileReference; lastKnownFileType = sourcecode.swift; path = SpinnerView.swift; sourceTree = "<group>"; };
		528ADAEA2BEAAEEC002CBE38 /* Constants.swift */ = {isa = PBXFileReference; lastKnownFileType = sourcecode.swift; path = Constants.swift; sourceTree = "<group>"; };
		5290C9BA2BEBBD5B00A1C8D8 /* Colors.xcassets */ = {isa = PBXFileReference; lastKnownFileType = folder.assetcatalog; path = Colors.xcassets; sourceTree = "<group>"; };
		52BA0AD02BF4FB9A0023F332 /* MovieDetailState.swift */ = {isa = PBXFileReference; lastKnownFileType = sourcecode.swift; path = MovieDetailState.swift; sourceTree = "<group>"; };
		52E3750E2BF29289007CAE3B /* Movie.swift */ = {isa = PBXFileReference; lastKnownFileType = sourcecode.swift; path = Movie.swift; sourceTree = "<group>"; };
		52E375112BF292BE007CAE3B /* Rating.swift */ = {isa = PBXFileReference; lastKnownFileType = sourcecode.swift; path = Rating.swift; sourceTree = "<group>"; };
/* End PBXFileReference section */

/* Begin PBXFrameworksBuildPhase section */
		528ADA902BE3FFF1002CBE38 /* Frameworks */ = {
			isa = PBXFrameworksBuildPhase;
			buildActionMask = 2147483647;
			files = (
			);
			runOnlyForDeploymentPostprocessing = 0;
		};
		528ADAA02BE3FFF7002CBE38 /* Frameworks */ = {
			isa = PBXFrameworksBuildPhase;
			buildActionMask = 2147483647;
			files = (
			);
			runOnlyForDeploymentPostprocessing = 0;
		};
		528ADAAA2BE3FFF7002CBE38 /* Frameworks */ = {
			isa = PBXFrameworksBuildPhase;
			buildActionMask = 2147483647;
			files = (
			);
			runOnlyForDeploymentPostprocessing = 0;
		};
/* End PBXFrameworksBuildPhase section */

/* Begin PBXGroup section */
		5214E5762BF28EF30042E433 /* MovieDetailView */ = {
			isa = PBXGroup;
			children = (
				5214E5772BF28F3F0042E433 /* MovieDetailView.swift */,
				524B00962BF2CAEE00FFCC99 /* MovileDetailViewModel.swift */,
				52BA0AD02BF4FB9A0023F332 /* MovieDetailState.swift */,
				523112D32BF648E00060D6E3 /* MovieInfoRowView.swift */,
			);
			path = MovieDetailView;
			sourceTree = "<group>";
		};
		523112D72BF688B80060D6E3 /* SplashScreenView */ = {
			isa = PBXGroup;
			children = (
				523112D82BF688EC0060D6E3 /* SplashScreenView.swift */,
			);
			path = SplashScreenView;
			sourceTree = "<group>";
		};
		525034642BF7A35600654DA6 /* NavigationManager */ = {
			isa = PBXGroup;
			children = (
				525034652BF7A37200654DA6 /* NavigationMode.swift */,
				525034672BF7A3A600654DA6 /* NavigationManager.swift */,
			);
			path = NavigationManager;
			sourceTree = "<group>";
		};
		5250346B2BF7EAE400654DA6 /* MoviesCacheStore */ = {
			isa = PBXGroup;
			children = (
				525034692BF7EAD800654DA6 /* MoviesCacheStore.swift */,
			);
			path = MoviesCacheStore;
			sourceTree = "<group>";
		};
		528ADA8A2BE3FFF1002CBE38 = {
			isa = PBXGroup;
			children = (
				528ADA952BE3FFF1002CBE38 /* SwiftUI-Cinema */,
				528ADAA62BE3FFF7002CBE38 /* SwiftUI-CinemaTests */,
				528ADAB02BE3FFF7002CBE38 /* SwiftUI-CinemaUITests */,
				528ADA942BE3FFF1002CBE38 /* Products */,
			);
			sourceTree = "<group>";
		};
		528ADA942BE3FFF1002CBE38 /* Products */ = {
			isa = PBXGroup;
			children = (
				528ADA932BE3FFF1002CBE38 /* SwiftUI-Cinema.app */,
				528ADAA32BE3FFF7002CBE38 /* SwiftUI-CinemaTests.xctest */,
				528ADAAD2BE3FFF7002CBE38 /* SwiftUI-CinemaUITests.xctest */,
			);
			name = Products;
			sourceTree = "<group>";
		};
		528ADA952BE3FFF1002CBE38 /* SwiftUI-Cinema */ = {
			isa = PBXGroup;
			children = (
				5290C9B92BEBBD3600A1C8D8 /* Assets */,
				528ADAC02BE40062002CBE38 /* Clean */,
				528ADA962BE3FFF1002CBE38 /* SwiftUI_CinemaApp.swift */,
				528ADA9C2BE3FFF6002CBE38 /* Preview Content */,
			);
			path = "SwiftUI-Cinema";
			sourceTree = "<group>";
		};
		528ADA9C2BE3FFF6002CBE38 /* Preview Content */ = {
			isa = PBXGroup;
			children = (
				528ADA9D2BE3FFF6002CBE38 /* Preview Assets.xcassets */,
			);
			path = "Preview Content";
			sourceTree = "<group>";
		};
		528ADAA62BE3FFF7002CBE38 /* SwiftUI-CinemaTests */ = {
			isa = PBXGroup;
			children = (
				528ADAA72BE3FFF7002CBE38 /* SwiftUI_CinemaTests.swift */,
			);
			path = "SwiftUI-CinemaTests";
			sourceTree = "<group>";
		};
		528ADAB02BE3FFF7002CBE38 /* SwiftUI-CinemaUITests */ = {
			isa = PBXGroup;
			children = (
				528ADAB12BE3FFF7002CBE38 /* SwiftUI_CinemaUITests.swift */,
				528ADAB32BE3FFF7002CBE38 /* SwiftUI_CinemaUITestsLaunchTests.swift */,
			);
			path = "SwiftUI-CinemaUITests";
			sourceTree = "<group>";
		};
		528ADAC02BE40062002CBE38 /* Clean */ = {
			isa = PBXGroup;
			children = (
				528ADAC32BE400B6002CBE38 /* Data */,
				528ADAC52BE400ED002CBE38 /* Domain */,
				528ADAC82BE40124002CBE38 /* UseCases */,
				528ADAC62BE40100002CBE38 /* Repository */,
				528ADAC22BE400AB002CBE38 /* Presentation */,
				528ADAC12BE4009A002CBE38 /* Widgets */,
			);
			path = Clean;
			sourceTree = "<group>";
		};
		528ADAC12BE4009A002CBE38 /* Widgets */ = {
			isa = PBXGroup;
			children = (
				528ADAE52BEAAE10002CBE38 /* MovieCell.swift */,
				524B00942BF2B35E00FFCC99 /* MovieDetail.swift */,
			);
			path = Widgets;
			sourceTree = "<group>";
		};
		528ADAC22BE400AB002CBE38 /* Presentation */ = {
			isa = PBXGroup;
			children = (
				523112D72BF688B80060D6E3 /* SplashScreenView */,
				5214E5762BF28EF30042E433 /* MovieDetailView */,
				528ADAD52BE91265002CBE38 /* AllMoviesView */,
				528ADACC2BE51C5C002CBE38 /* Login */,
				528ADACE2BE51C7E002CBE38 /* MainView */,
				528ADACD2BE51C6D002CBE38 /* SignIn */,
				528ADAE72BEAAE73002CBE38 /* SpinnerView */,
			);
			path = Presentation;
			sourceTree = "<group>";
		};
		528ADAC32BE400B6002CBE38 /* Data */ = {
			isa = PBXGroup;
			children = (
				5250346B2BF7EAE400654DA6 /* MoviesCacheStore */,
				528ADAC92BE40140002CBE38 /* Api */,
			);
			path = Data;
			sourceTree = "<group>";
		};
		528ADAC52BE400ED002CBE38 /* Domain */ = {
			isa = PBXGroup;
			children = (
				528ADAC72BE40119002CBE38 /* Models */,
			);
			path = Domain;
			sourceTree = "<group>";
		};
		528ADAC62BE40100002CBE38 /* Repository */ = {
			isa = PBXGroup;
			children = (
				528ADADB2BE91360002CBE38 /* AllMoviesRepository.swift */,
			);
			path = Repository;
			sourceTree = "<group>";
		};
		528ADAC72BE40119002CBE38 /* Models */ = {
			isa = PBXGroup;
			children = (
				52E3750D2BF29271007CAE3B /* SingleMovie */,
				52E3750C2BF29253007CAE3B /* AllMovies */,
				528ADAEA2BEAAEEC002CBE38 /* Constants.swift */,
			);
			path = Models;
			sourceTree = "<group>";
		};
		528ADAC82BE40124002CBE38 /* UseCases */ = {
			isa = PBXGroup;
			children = (
				525034642BF7A35600654DA6 /* NavigationManager */,
				528ADADD2BE91DAD002CBE38 /* MoviesFetchUseCase.swift */,
			);
			path = UseCases;
			sourceTree = "<group>";
		};
		528ADAC92BE40140002CBE38 /* Api */ = {
			isa = PBXGroup;
			children = (
				528ADADF2BE91E7E002CBE38 /* MoviesApi.swift */,
			);
			path = Api;
			sourceTree = "<group>";
		};
		528ADACC2BE51C5C002CBE38 /* Login */ = {
			isa = PBXGroup;
			children = (
			);
			path = Login;
			sourceTree = "<group>";
		};
		528ADACD2BE51C6D002CBE38 /* SignIn */ = {
			isa = PBXGroup;
			children = (
			);
			path = SignIn;
			sourceTree = "<group>";
		};
		528ADACE2BE51C7E002CBE38 /* MainView */ = {
			isa = PBXGroup;
			children = (
				528ADACA2BE51C54002CBE38 /* MainView.swift */,
				523112DA2BF68A280060D6E3 /* MainViewModel.swift */,
				523112DC2BF68A680060D6E3 /* MainViewState.swift */,
			);
			path = MainView;
			sourceTree = "<group>";
		};
		528ADAD52BE91265002CBE38 /* AllMoviesView */ = {
			isa = PBXGroup;
			children = (
				528ADAD62BE9129A002CBE38 /* AllMoviesView.swift */,
				528ADAD82BE91300002CBE38 /* AllMoviesViewModel.swift */,
				528ADAE12BE96DF3002CBE38 /* MovieStateResponseError.swift */,
				528ADAE32BEAA8E1002CBE38 /* AllMoviesState.swift */,
				523112D52BF6834B0060D6E3 /* NoMovieFoundView.swift */,
			);
			path = AllMoviesView;
			sourceTree = "<group>";
		};
		528ADAE72BEAAE73002CBE38 /* SpinnerView */ = {
			isa = PBXGroup;
			children = (
				528ADAE82BEAAE95002CBE38 /* SpinnerView.swift */,
			);
			path = SpinnerView;
			sourceTree = "<group>";
		};
		5290C9B92BEBBD3600A1C8D8 /* Assets */ = {
			isa = PBXGroup;
			children = (
				528ADA9A2BE3FFF6002CBE38 /* Assets.xcassets */,
				5290C9BA2BEBBD5B00A1C8D8 /* Colors.xcassets */,
			);
			path = Assets;
			sourceTree = "<group>";
		};
		52E3750C2BF29253007CAE3B /* AllMovies */ = {
			isa = PBXGroup;
			children = (
				528ADAD12BE910E2002CBE38 /* DateMargin.swift */,
				528ADACF2BE91016002CBE38 /* FetchMoviesResponse.swift */,
				528ADAD32BE91130002CBE38 /* MovieResult.swift */,
				5214E5742BF24AEC0042E433 /* SelectedMovieData.swift */,
			);
			path = AllMovies;
			sourceTree = "<group>";
		};
		52E3750D2BF29271007CAE3B /* SingleMovie */ = {
			isa = PBXGroup;
			children = (
				52E3750E2BF29289007CAE3B /* Movie.swift */,
				52E375112BF292BE007CAE3B /* Rating.swift */,
				524B00922BF29AE800FFCC99 /* SelectedMovie.swift */,
			);
			path = SingleMovie;
			sourceTree = "<group>";
		};
/* End PBXGroup section */

/* Begin PBXNativeTarget section */
		528ADA922BE3FFF1002CBE38 /* SwiftUI-Cinema */ = {
			isa = PBXNativeTarget;
			buildConfigurationList = 528ADAB72BE3FFF7002CBE38 /* Build configuration list for PBXNativeTarget "SwiftUI-Cinema" */;
			buildPhases = (
				528ADA8F2BE3FFF1002CBE38 /* Sources */,
				528ADA902BE3FFF1002CBE38 /* Frameworks */,
				528ADA912BE3FFF1002CBE38 /* Resources */,
			);
			buildRules = (
			);
			dependencies = (
			);
			name = "SwiftUI-Cinema";
			productName = "SwiftUI-Cinema";
			productReference = 528ADA932BE3FFF1002CBE38 /* SwiftUI-Cinema.app */;
			productType = "com.apple.product-type.application";
		};
		528ADAA22BE3FFF7002CBE38 /* SwiftUI-CinemaTests */ = {
			isa = PBXNativeTarget;
			buildConfigurationList = 528ADABA2BE3FFF7002CBE38 /* Build configuration list for PBXNativeTarget "SwiftUI-CinemaTests" */;
			buildPhases = (
				528ADA9F2BE3FFF7002CBE38 /* Sources */,
				528ADAA02BE3FFF7002CBE38 /* Frameworks */,
				528ADAA12BE3FFF7002CBE38 /* Resources */,
			);
			buildRules = (
			);
			dependencies = (
				528ADAA52BE3FFF7002CBE38 /* PBXTargetDependency */,
			);
			name = "SwiftUI-CinemaTests";
			productName = "SwiftUI-CinemaTests";
			productReference = 528ADAA32BE3FFF7002CBE38 /* SwiftUI-CinemaTests.xctest */;
			productType = "com.apple.product-type.bundle.unit-test";
		};
		528ADAAC2BE3FFF7002CBE38 /* SwiftUI-CinemaUITests */ = {
			isa = PBXNativeTarget;
			buildConfigurationList = 528ADABD2BE3FFF7002CBE38 /* Build configuration list for PBXNativeTarget "SwiftUI-CinemaUITests" */;
			buildPhases = (
				528ADAA92BE3FFF7002CBE38 /* Sources */,
				528ADAAA2BE3FFF7002CBE38 /* Frameworks */,
				528ADAAB2BE3FFF7002CBE38 /* Resources */,
			);
			buildRules = (
			);
			dependencies = (
				528ADAAF2BE3FFF7002CBE38 /* PBXTargetDependency */,
			);
			name = "SwiftUI-CinemaUITests";
			productName = "SwiftUI-CinemaUITests";
			productReference = 528ADAAD2BE3FFF7002CBE38 /* SwiftUI-CinemaUITests.xctest */;
			productType = "com.apple.product-type.bundle.ui-testing";
		};
/* End PBXNativeTarget section */

/* Begin PBXProject section */
		528ADA8B2BE3FFF1002CBE38 /* Project object */ = {
			isa = PBXProject;
			attributes = {
				BuildIndependentTargetsInParallel = 1;
				LastSwiftUpdateCheck = 1520;
				LastUpgradeCheck = 1520;
				TargetAttributes = {
					528ADA922BE3FFF1002CBE38 = {
						CreatedOnToolsVersion = 15.2;
					};
					528ADAA22BE3FFF7002CBE38 = {
						CreatedOnToolsVersion = 15.2;
						TestTargetID = 528ADA922BE3FFF1002CBE38;
					};
					528ADAAC2BE3FFF7002CBE38 = {
						CreatedOnToolsVersion = 15.2;
						TestTargetID = 528ADA922BE3FFF1002CBE38;
					};
				};
			};
			buildConfigurationList = 528ADA8E2BE3FFF1002CBE38 /* Build configuration list for PBXProject "SwiftUI-Cinema" */;
			compatibilityVersion = "Xcode 14.0";
			developmentRegion = en;
			hasScannedForEncodings = 0;
			knownRegions = (
				en,
				Base,
			);
			mainGroup = 528ADA8A2BE3FFF1002CBE38;
			productRefGroup = 528ADA942BE3FFF1002CBE38 /* Products */;
			projectDirPath = "";
			projectRoot = "";
			targets = (
				528ADA922BE3FFF1002CBE38 /* SwiftUI-Cinema */,
				528ADAA22BE3FFF7002CBE38 /* SwiftUI-CinemaTests */,
				528ADAAC2BE3FFF7002CBE38 /* SwiftUI-CinemaUITests */,
			);
		};
/* End PBXProject section */

/* Begin PBXResourcesBuildPhase section */
		528ADA912BE3FFF1002CBE38 /* Resources */ = {
			isa = PBXResourcesBuildPhase;
			buildActionMask = 2147483647;
			files = (
				5290C9BB2BEBBD5B00A1C8D8 /* Colors.xcassets in Resources */,
				528ADA9E2BE3FFF6002CBE38 /* Preview Assets.xcassets in Resources */,
				528ADA9B2BE3FFF6002CBE38 /* Assets.xcassets in Resources */,
			);
			runOnlyForDeploymentPostprocessing = 0;
		};
		528ADAA12BE3FFF7002CBE38 /* Resources */ = {
			isa = PBXResourcesBuildPhase;
			buildActionMask = 2147483647;
			files = (
			);
			runOnlyForDeploymentPostprocessing = 0;
		};
		528ADAAB2BE3FFF7002CBE38 /* Resources */ = {
			isa = PBXResourcesBuildPhase;
			buildActionMask = 2147483647;
			files = (
			);
			runOnlyForDeploymentPostprocessing = 0;
		};
/* End PBXResourcesBuildPhase section */

/* Begin PBXSourcesBuildPhase section */
		528ADA8F2BE3FFF1002CBE38 /* Sources */ = {
			isa = PBXSourcesBuildPhase;
			buildActionMask = 2147483647;
			files = (
				528ADAE62BEAAE10002CBE38 /* MovieCell.swift in Sources */,
				523112D92BF688EC0060D6E3 /* SplashScreenView.swift in Sources */,
				525034682BF7A3A600654DA6 /* NavigationManager.swift in Sources */,
				528ADAE22BE96DF3002CBE38 /* MovieStateResponseError.swift in Sources */,
				52E3750F2BF29289007CAE3B /* Movie.swift in Sources */,
				524B00932BF29AE800FFCC99 /* SelectedMovie.swift in Sources */,
				523112D62BF6834B0060D6E3 /* NoMovieFoundView.swift in Sources */,
				524B00972BF2CAEE00FFCC99 /* MovileDetailViewModel.swift in Sources */,
				528ADADC2BE91360002CBE38 /* AllMoviesRepository.swift in Sources */,
				528ADAE02BE91E7E002CBE38 /* MoviesApi.swift in Sources */,
				525034662BF7A37200654DA6 /* NavigationMode.swift in Sources */,
				528ADAD02BE91016002CBE38 /* FetchMoviesResponse.swift in Sources */,
				523112D42BF648E00060D6E3 /* MovieInfoRowView.swift in Sources */,
				52BA0AD12BF4FB9A0023F332 /* MovieDetailState.swift in Sources */,
				5214E5752BF24AEC0042E433 /* SelectedMovieData.swift in Sources */,
				528ADAEB2BEAAEEC002CBE38 /* Constants.swift in Sources */,
				528ADAD72BE9129A002CBE38 /* AllMoviesView.swift in Sources */,
				523112DD2BF68A680060D6E3 /* MainViewState.swift in Sources */,
				528ADAE92BEAAE95002CBE38 /* SpinnerView.swift in Sources */,
				528ADADE2BE91DAD002CBE38 /* MoviesFetchUseCase.swift in Sources */,
				523112DB2BF68A280060D6E3 /* MainViewModel.swift in Sources */,
				52E375122BF292BE007CAE3B /* Rating.swift in Sources */,
				528ADAD92BE91300002CBE38 /* AllMoviesViewModel.swift in Sources */,
				528ADAD42BE91130002CBE38 /* MovieResult.swift in Sources */,
				524B00952BF2B35E00FFCC99 /* MovieDetail.swift in Sources */,
				5250346A2BF7EAD800654DA6 /* MoviesCacheStore.swift in Sources */,
				528ADAE42BEAA8E1002CBE38 /* AllMoviesState.swift in Sources */,
				528ADAD22BE910E2002CBE38 /* DateMargin.swift in Sources */,
				5214E5782BF28F3F0042E433 /* MovieDetailView.swift in Sources */,
				528ADACB2BE51C55002CBE38 /* MainView.swift in Sources */,
				528ADA972BE3FFF1002CBE38 /* SwiftUI_CinemaApp.swift in Sources */,
			);
			runOnlyForDeploymentPostprocessing = 0;
		};
		528ADA9F2BE3FFF7002CBE38 /* Sources */ = {
			isa = PBXSourcesBuildPhase;
			buildActionMask = 2147483647;
			files = (
				528ADAA82BE3FFF7002CBE38 /* SwiftUI_CinemaTests.swift in Sources */,
			);
			runOnlyForDeploymentPostprocessing = 0;
		};
		528ADAA92BE3FFF7002CBE38 /* Sources */ = {
			isa = PBXSourcesBuildPhase;
			buildActionMask = 2147483647;
			files = (
				528ADAB22BE3FFF7002CBE38 /* SwiftUI_CinemaUITests.swift in Sources */,
				528ADAB42BE3FFF7002CBE38 /* SwiftUI_CinemaUITestsLaunchTests.swift in Sources */,
			);
			runOnlyForDeploymentPostprocessing = 0;
		};
/* End PBXSourcesBuildPhase section */

/* Begin PBXTargetDependency section */
		528ADAA52BE3FFF7002CBE38 /* PBXTargetDependency */ = {
			isa = PBXTargetDependency;
			target = 528ADA922BE3FFF1002CBE38 /* SwiftUI-Cinema */;
			targetProxy = 528ADAA42BE3FFF7002CBE38 /* PBXContainerItemProxy */;
		};
		528ADAAF2BE3FFF7002CBE38 /* PBXTargetDependency */ = {
			isa = PBXTargetDependency;
			target = 528ADA922BE3FFF1002CBE38 /* SwiftUI-Cinema */;
			targetProxy = 528ADAAE2BE3FFF7002CBE38 /* PBXContainerItemProxy */;
		};
/* End PBXTargetDependency section */

/* Begin XCBuildConfiguration section */
		528ADAB52BE3FFF7002CBE38 /* Debug */ = {
			isa = XCBuildConfiguration;
			buildSettings = {
				ALWAYS_SEARCH_USER_PATHS = NO;
				ASSETCATALOG_COMPILER_GENERATE_SWIFT_ASSET_SYMBOL_EXTENSIONS = YES;
				CLANG_ANALYZER_NONNULL = YES;
				CLANG_ANALYZER_NUMBER_OBJECT_CONVERSION = YES_AGGRESSIVE;
				CLANG_CXX_LANGUAGE_STANDARD = "gnu++20";
				CLANG_ENABLE_MODULES = YES;
				CLANG_ENABLE_OBJC_ARC = YES;
				CLANG_ENABLE_OBJC_WEAK = YES;
				CLANG_WARN_BLOCK_CAPTURE_AUTORELEASING = YES;
				CLANG_WARN_BOOL_CONVERSION = YES;
				CLANG_WARN_COMMA = YES;
				CLANG_WARN_CONSTANT_CONVERSION = YES;
				CLANG_WARN_DEPRECATED_OBJC_IMPLEMENTATIONS = YES;
				CLANG_WARN_DIRECT_OBJC_ISA_USAGE = YES_ERROR;
				CLANG_WARN_DOCUMENTATION_COMMENTS = YES;
				CLANG_WARN_EMPTY_BODY = YES;
				CLANG_WARN_ENUM_CONVERSION = YES;
				CLANG_WARN_INFINITE_RECURSION = YES;
				CLANG_WARN_INT_CONVERSION = YES;
				CLANG_WARN_NON_LITERAL_NULL_CONVERSION = YES;
				CLANG_WARN_OBJC_IMPLICIT_RETAIN_SELF = YES;
				CLANG_WARN_OBJC_LITERAL_CONVERSION = YES;
				CLANG_WARN_OBJC_ROOT_CLASS = YES_ERROR;
				CLANG_WARN_QUOTED_INCLUDE_IN_FRAMEWORK_HEADER = YES;
				CLANG_WARN_RANGE_LOOP_ANALYSIS = YES;
				CLANG_WARN_STRICT_PROTOTYPES = YES;
				CLANG_WARN_SUSPICIOUS_MOVE = YES;
				CLANG_WARN_UNGUARDED_AVAILABILITY = YES_AGGRESSIVE;
				CLANG_WARN_UNREACHABLE_CODE = YES;
				CLANG_WARN__DUPLICATE_METHOD_MATCH = YES;
				COPY_PHASE_STRIP = NO;
				DEBUG_INFORMATION_FORMAT = dwarf;
				ENABLE_STRICT_OBJC_MSGSEND = YES;
				ENABLE_TESTABILITY = YES;
				ENABLE_USER_SCRIPT_SANDBOXING = YES;
				GCC_C_LANGUAGE_STANDARD = gnu17;
				GCC_DYNAMIC_NO_PIC = NO;
				GCC_NO_COMMON_BLOCKS = YES;
				GCC_OPTIMIZATION_LEVEL = 0;
				GCC_PREPROCESSOR_DEFINITIONS = (
					"DEBUG=1",
					"$(inherited)",
				);
				GCC_WARN_64_TO_32_BIT_CONVERSION = YES;
				GCC_WARN_ABOUT_RETURN_TYPE = YES_ERROR;
				GCC_WARN_UNDECLARED_SELECTOR = YES;
				GCC_WARN_UNINITIALIZED_AUTOS = YES_AGGRESSIVE;
				GCC_WARN_UNUSED_FUNCTION = YES;
				GCC_WARN_UNUSED_VARIABLE = YES;
				IPHONEOS_DEPLOYMENT_TARGET = 17.2;
				LOCALIZATION_PREFERS_STRING_CATALOGS = YES;
				MTL_ENABLE_DEBUG_INFO = INCLUDE_SOURCE;
				MTL_FAST_MATH = YES;
				ONLY_ACTIVE_ARCH = YES;
				SDKROOT = iphoneos;
				SWIFT_ACTIVE_COMPILATION_CONDITIONS = "DEBUG $(inherited)";
				SWIFT_OPTIMIZATION_LEVEL = "-Onone";
			};
			name = Debug;
		};
		528ADAB62BE3FFF7002CBE38 /* Release */ = {
			isa = XCBuildConfiguration;
			buildSettings = {
				ALWAYS_SEARCH_USER_PATHS = NO;
				ASSETCATALOG_COMPILER_GENERATE_SWIFT_ASSET_SYMBOL_EXTENSIONS = YES;
				CLANG_ANALYZER_NONNULL = YES;
				CLANG_ANALYZER_NUMBER_OBJECT_CONVERSION = YES_AGGRESSIVE;
				CLANG_CXX_LANGUAGE_STANDARD = "gnu++20";
				CLANG_ENABLE_MODULES = YES;
				CLANG_ENABLE_OBJC_ARC = YES;
				CLANG_ENABLE_OBJC_WEAK = YES;
				CLANG_WARN_BLOCK_CAPTURE_AUTORELEASING = YES;
				CLANG_WARN_BOOL_CONVERSION = YES;
				CLANG_WARN_COMMA = YES;
				CLANG_WARN_CONSTANT_CONVERSION = YES;
				CLANG_WARN_DEPRECATED_OBJC_IMPLEMENTATIONS = YES;
				CLANG_WARN_DIRECT_OBJC_ISA_USAGE = YES_ERROR;
				CLANG_WARN_DOCUMENTATION_COMMENTS = YES;
				CLANG_WARN_EMPTY_BODY = YES;
				CLANG_WARN_ENUM_CONVERSION = YES;
				CLANG_WARN_INFINITE_RECURSION = YES;
				CLANG_WARN_INT_CONVERSION = YES;
				CLANG_WARN_NON_LITERAL_NULL_CONVERSION = YES;
				CLANG_WARN_OBJC_IMPLICIT_RETAIN_SELF = YES;
				CLANG_WARN_OBJC_LITERAL_CONVERSION = YES;
				CLANG_WARN_OBJC_ROOT_CLASS = YES_ERROR;
				CLANG_WARN_QUOTED_INCLUDE_IN_FRAMEWORK_HEADER = YES;
				CLANG_WARN_RANGE_LOOP_ANALYSIS = YES;
				CLANG_WARN_STRICT_PROTOTYPES = YES;
				CLANG_WARN_SUSPICIOUS_MOVE = YES;
				CLANG_WARN_UNGUARDED_AVAILABILITY = YES_AGGRESSIVE;
				CLANG_WARN_UNREACHABLE_CODE = YES;
				CLANG_WARN__DUPLICATE_METHOD_MATCH = YES;
				COPY_PHASE_STRIP = NO;
				DEBUG_INFORMATION_FORMAT = "dwarf-with-dsym";
				ENABLE_NS_ASSERTIONS = NO;
				ENABLE_STRICT_OBJC_MSGSEND = YES;
				ENABLE_USER_SCRIPT_SANDBOXING = YES;
				GCC_C_LANGUAGE_STANDARD = gnu17;
				GCC_NO_COMMON_BLOCKS = YES;
				GCC_WARN_64_TO_32_BIT_CONVERSION = YES;
				GCC_WARN_ABOUT_RETURN_TYPE = YES_ERROR;
				GCC_WARN_UNDECLARED_SELECTOR = YES;
				GCC_WARN_UNINITIALIZED_AUTOS = YES_AGGRESSIVE;
				GCC_WARN_UNUSED_FUNCTION = YES;
				GCC_WARN_UNUSED_VARIABLE = YES;
				IPHONEOS_DEPLOYMENT_TARGET = 17.2;
				LOCALIZATION_PREFERS_STRING_CATALOGS = YES;
				MTL_ENABLE_DEBUG_INFO = NO;
				MTL_FAST_MATH = YES;
				SDKROOT = iphoneos;
				SWIFT_COMPILATION_MODE = wholemodule;
				VALIDATE_PRODUCT = YES;
			};
			name = Release;
		};
		528ADAB82BE3FFF7002CBE38 /* Debug */ = {
			isa = XCBuildConfiguration;
			buildSettings = {
				ASSETCATALOG_COMPILER_APPICON_NAME = AppIcon;
				ASSETCATALOG_COMPILER_GLOBAL_ACCENT_COLOR_NAME = AccentColor;
				CODE_SIGN_STYLE = Automatic;
				CURRENT_PROJECT_VERSION = 1;
				DEVELOPMENT_ASSET_PATHS = "\"SwiftUI-Cinema/Preview Content\"";
				DEVELOPMENT_TEAM = 37CGX9JX84;
				ENABLE_PREVIEWS = YES;
				GENERATE_INFOPLIST_FILE = YES;
				INFOPLIST_KEY_UIApplicationSceneManifest_Generation = YES;
				INFOPLIST_KEY_UIApplicationSupportsIndirectInputEvents = YES;
				INFOPLIST_KEY_UILaunchScreen_Generation = YES;
				INFOPLIST_KEY_UISupportedInterfaceOrientations_iPad = "UIInterfaceOrientationPortrait UIInterfaceOrientationPortraitUpsideDown UIInterfaceOrientationLandscapeLeft UIInterfaceOrientationLandscapeRight";
				INFOPLIST_KEY_UISupportedInterfaceOrientations_iPhone = "UIInterfaceOrientationPortrait UIInterfaceOrientationLandscapeLeft UIInterfaceOrientationLandscapeRight";
				LD_RUNPATH_SEARCH_PATHS = (
					"$(inherited)",
					"@executable_path/Frameworks",
				);
				MARKETING_VERSION = 1.0;
				PRODUCT_BUNDLE_IDENTIFIER = "com.endava.SwiftUI-Cinema";
				PRODUCT_NAME = "$(TARGET_NAME)";
				SWIFT_EMIT_LOC_STRINGS = YES;
				SWIFT_VERSION = 5.0;
				TARGETED_DEVICE_FAMILY = "1,2";
			};
			name = Debug;
		};
		528ADAB92BE3FFF7002CBE38 /* Release */ = {
			isa = XCBuildConfiguration;
			buildSettings = {
				ASSETCATALOG_COMPILER_APPICON_NAME = AppIcon;
				ASSETCATALOG_COMPILER_GLOBAL_ACCENT_COLOR_NAME = AccentColor;
				CODE_SIGN_STYLE = Automatic;
				CURRENT_PROJECT_VERSION = 1;
				DEVELOPMENT_ASSET_PATHS = "\"SwiftUI-Cinema/Preview Content\"";
				DEVELOPMENT_TEAM = 37CGX9JX84;
				ENABLE_PREVIEWS = YES;
				GENERATE_INFOPLIST_FILE = YES;
				INFOPLIST_KEY_UIApplicationSceneManifest_Generation = YES;
				INFOPLIST_KEY_UIApplicationSupportsIndirectInputEvents = YES;
				INFOPLIST_KEY_UILaunchScreen_Generation = YES;
				INFOPLIST_KEY_UISupportedInterfaceOrientations_iPad = "UIInterfaceOrientationPortrait UIInterfaceOrientationPortraitUpsideDown UIInterfaceOrientationLandscapeLeft UIInterfaceOrientationLandscapeRight";
				INFOPLIST_KEY_UISupportedInterfaceOrientations_iPhone = "UIInterfaceOrientationPortrait UIInterfaceOrientationLandscapeLeft UIInterfaceOrientationLandscapeRight";
				LD_RUNPATH_SEARCH_PATHS = (
					"$(inherited)",
					"@executable_path/Frameworks",
				);
				MARKETING_VERSION = 1.0;
				PRODUCT_BUNDLE_IDENTIFIER = "com.endava.SwiftUI-Cinema";
				PRODUCT_NAME = "$(TARGET_NAME)";
				SWIFT_EMIT_LOC_STRINGS = YES;
				SWIFT_VERSION = 5.0;
				TARGETED_DEVICE_FAMILY = "1,2";
			};
			name = Release;
		};
		528ADABB2BE3FFF7002CBE38 /* Debug */ = {
			isa = XCBuildConfiguration;
			buildSettings = {
				ALWAYS_EMBED_SWIFT_STANDARD_LIBRARIES = YES;
				BUNDLE_LOADER = "$(TEST_HOST)";
				CODE_SIGN_STYLE = Automatic;
				CURRENT_PROJECT_VERSION = 1;
				DEVELOPMENT_TEAM = 37CGX9JX84;
				GENERATE_INFOPLIST_FILE = YES;
				IPHONEOS_DEPLOYMENT_TARGET = 17.2;
				MARKETING_VERSION = 1.0;
				PRODUCT_BUNDLE_IDENTIFIER = "com.endava.SwiftUI-CinemaTests";
				PRODUCT_NAME = "$(TARGET_NAME)";
				SWIFT_EMIT_LOC_STRINGS = NO;
				SWIFT_VERSION = 5.0;
				TARGETED_DEVICE_FAMILY = "1,2";
				TEST_HOST = "$(BUILT_PRODUCTS_DIR)/SwiftUI-Cinema.app/$(BUNDLE_EXECUTABLE_FOLDER_PATH)/SwiftUI-Cinema";
			};
			name = Debug;
		};
		528ADABC2BE3FFF7002CBE38 /* Release */ = {
			isa = XCBuildConfiguration;
			buildSettings = {
				ALWAYS_EMBED_SWIFT_STANDARD_LIBRARIES = YES;
				BUNDLE_LOADER = "$(TEST_HOST)";
				CODE_SIGN_STYLE = Automatic;
				CURRENT_PROJECT_VERSION = 1;
				DEVELOPMENT_TEAM = 37CGX9JX84;
				GENERATE_INFOPLIST_FILE = YES;
				IPHONEOS_DEPLOYMENT_TARGET = 17.2;
				MARKETING_VERSION = 1.0;
				PRODUCT_BUNDLE_IDENTIFIER = "com.endava.SwiftUI-CinemaTests";
				PRODUCT_NAME = "$(TARGET_NAME)";
				SWIFT_EMIT_LOC_STRINGS = NO;
				SWIFT_VERSION = 5.0;
				TARGETED_DEVICE_FAMILY = "1,2";
				TEST_HOST = "$(BUILT_PRODUCTS_DIR)/SwiftUI-Cinema.app/$(BUNDLE_EXECUTABLE_FOLDER_PATH)/SwiftUI-Cinema";
			};
			name = Release;
		};
		528ADABE2BE3FFF7002CBE38 /* Debug */ = {
			isa = XCBuildConfiguration;
			buildSettings = {
				ALWAYS_EMBED_SWIFT_STANDARD_LIBRARIES = YES;
				CODE_SIGN_STYLE = Automatic;
				CURRENT_PROJECT_VERSION = 1;
				DEVELOPMENT_TEAM = 37CGX9JX84;
				GENERATE_INFOPLIST_FILE = YES;
				MARKETING_VERSION = 1.0;
				PRODUCT_BUNDLE_IDENTIFIER = "com.endava.SwiftUI-CinemaUITests";
				PRODUCT_NAME = "$(TARGET_NAME)";
				SWIFT_EMIT_LOC_STRINGS = NO;
				SWIFT_VERSION = 5.0;
				TARGETED_DEVICE_FAMILY = "1,2";
				TEST_TARGET_NAME = "SwiftUI-Cinema";
			};
			name = Debug;
		};
		528ADABF2BE3FFF7002CBE38 /* Release */ = {
			isa = XCBuildConfiguration;
			buildSettings = {
				ALWAYS_EMBED_SWIFT_STANDARD_LIBRARIES = YES;
				CODE_SIGN_STYLE = Automatic;
				CURRENT_PROJECT_VERSION = 1;
				DEVELOPMENT_TEAM = 37CGX9JX84;
				GENERATE_INFOPLIST_FILE = YES;
				MARKETING_VERSION = 1.0;
				PRODUCT_BUNDLE_IDENTIFIER = "com.endava.SwiftUI-CinemaUITests";
				PRODUCT_NAME = "$(TARGET_NAME)";
				SWIFT_EMIT_LOC_STRINGS = NO;
				SWIFT_VERSION = 5.0;
				TARGETED_DEVICE_FAMILY = "1,2";
				TEST_TARGET_NAME = "SwiftUI-Cinema";
			};
			name = Release;
		};
/* End XCBuildConfiguration section */

/* Begin XCConfigurationList section */
		528ADA8E2BE3FFF1002CBE38 /* Build configuration list for PBXProject "SwiftUI-Cinema" */ = {
			isa = XCConfigurationList;
			buildConfigurations = (
				528ADAB52BE3FFF7002CBE38 /* Debug */,
				528ADAB62BE3FFF7002CBE38 /* Release */,
			);
			defaultConfigurationIsVisible = 0;
			defaultConfigurationName = Release;
		};
		528ADAB72BE3FFF7002CBE38 /* Build configuration list for PBXNativeTarget "SwiftUI-Cinema" */ = {
			isa = XCConfigurationList;
			buildConfigurations = (
				528ADAB82BE3FFF7002CBE38 /* Debug */,
				528ADAB92BE3FFF7002CBE38 /* Release */,
			);
			defaultConfigurationIsVisible = 0;
			defaultConfigurationName = Release;
		};
		528ADABA2BE3FFF7002CBE38 /* Build configuration list for PBXNativeTarget "SwiftUI-CinemaTests" */ = {
			isa = XCConfigurationList;
			buildConfigurations = (
				528ADABB2BE3FFF7002CBE38 /* Debug */,
				528ADABC2BE3FFF7002CBE38 /* Release */,
			);
			defaultConfigurationIsVisible = 0;
			defaultConfigurationName = Release;
		};
		528ADABD2BE3FFF7002CBE38 /* Build configuration list for PBXNativeTarget "SwiftUI-CinemaUITests" */ = {
			isa = XCConfigurationList;
			buildConfigurations = (
				528ADABE2BE3FFF7002CBE38 /* Debug */,
				528ADABF2BE3FFF7002CBE38 /* Release */,
			);
			defaultConfigurationIsVisible = 0;
			defaultConfigurationName = Release;
		};
/* End XCConfigurationList section */
	};
	rootObject = 528ADA8B2BE3FFF1002CBE38 /* Project object */;
}
